
Microsoft Visual Studio Solution File, Format Version 12.00
# Visual Studio 15
VisualStudioVersion = 15.0.28010.0
MinimumVisualStudioVersion = 10.0.40219.1
Project("{8BC9CEB8-8B4A-11D0-8D11-00A0C91BC942}") = "LockFree Test", "LockFree Test\LockFree Test.vcxproj", "{77A12C50-382A-4B9A-B2AF-37547271F563}"
EndProject
Global
	GlobalSection(SolutionConfigurationPlatforms) = preSolution
		Debug|x64 = Debug|x64
		Debug|x86 = Debug|x86
		Release|x64 = Release|x64
		Release|x86 = Release|x86
	EndGlobalSection
	GlobalSection(ProjectConfigurationPlatforms) = postSolution
		{77A12C50-382A-4B9A-B2AF-37547271F563}.Debug|x64.ActiveCfg = Debug|x64
		{77A12C50-382A-4B9A-B2AF-37547271F563}.Debug|x64.Build.0 = Debug|x64
		{77A12C50-382A-4B9A-B2AF-37547271F563}.Debug|x86.ActiveCfg = Debug|Win32
		{77A12C50-382A-4B9A-B2AF-37547271F563}.Debug|x86.Build.0 = Debug|Win32
		{77A12C50-382A-4B9A-B2AF-37547271F563}.Release|x64.ActiveCfg = Release|x64
		{77A12C50-382A-4B9A-B2AF-37547271F563}.Release|x64.Build.0 = Release|x64
		{77A12C50-382A-4B9A-B2AF-37547271F563}.Release|x86.ActiveCfg = Release|Win32
		{77A12C50-382A-4B9A-B2AF-37547271F563}.Release|x86.Build.0 = Release|Win32
	EndGlobalSection
	GlobalSection(SolutionProperties) = preSolution
		HideSolutionNode = FALSE
	EndGlobalSection
	GlobalSection(ExtensibilityGlobals) = postSolution
		SolutionGuid = {025890AF-7EC8-4BFC-A2B3-51FEF57FFF22}
	EndGlobalSection
EndGlobal
