
Microsoft Visual Studio Solution File, Format Version 12.00
# Visual Studio 15
VisualStudioVersion = 15.0.27703.2026
MinimumVisualStudioVersion = 10.0.40219.1
Project("{8BC9CEB8-8B4A-11D0-8D11-00A0C91BC942}") = "IOCP_Server", "IOCP_Server\IOCP_Server.vcxproj", "{F94A2428-3313-41C1-A382-5FF1ED09968E}"
EndProject
Global
	GlobalSection(SolutionConfigurationPlatforms) = preSolution
		Debug|x64 = Debug|x64
		Debug|x86 = Debug|x86
		Release|x64 = Release|x64
		Release|x86 = Release|x86
	EndGlobalSection
	GlobalSection(ProjectConfigurationPlatforms) = postSolution
		{F94A2428-3313-41C1-A382-5FF1ED09968E}.Debug|x64.ActiveCfg = Debug|x64
		{F94A2428-3313-41C1-A382-5FF1ED09968E}.Debug|x64.Build.0 = Debug|x64
		{F94A2428-3313-41C1-A382-5FF1ED09968E}.Debug|x86.ActiveCfg = Debug|Win32
		{F94A2428-3313-41C1-A382-5FF1ED09968E}.Debug|x86.Build.0 = Debug|Win32
		{F94A2428-3313-41C1-A382-5FF1ED09968E}.Release|x64.ActiveCfg = Release|x64
		{F94A2428-3313-41C1-A382-5FF1ED09968E}.Release|x64.Build.0 = Release|x64
		{F94A2428-3313-41C1-A382-5FF1ED09968E}.Release|x86.ActiveCfg = Release|Win32
		{F94A2428-3313-41C1-A382-5FF1ED09968E}.Release|x86.Build.0 = Release|Win32
	EndGlobalSection
	GlobalSection(SolutionProperties) = preSolution
		HideSolutionNode = FALSE
	EndGlobalSection
	GlobalSection(ExtensibilityGlobals) = postSolution
		SolutionGuid = {6FDDF9FA-2146-4C56-B621-08C8DBE29A90}
	EndGlobalSection
EndGlobal
