
Microsoft Visual Studio Solution File, Format Version 12.00
# Visual Studio 15
VisualStudioVersion = 15.0.27130.2003
MinimumVisualStudioVersion = 10.0.40219.1
Project("{8BC9CEB8-8B4A-11D0-8D11-00A0C91BC942}") = "NamedPipeSever", "NamedPipeSever\NamedPipeSever.vcxproj", "{F89E36EE-F6B0-414A-B00A-C8808C740FC5}"
EndProject
Global
	GlobalSection(SolutionConfigurationPlatforms) = preSolution
		Debug|x64 = Debug|x64
		Debug|x86 = Debug|x86
		Release|x64 = Release|x64
		Release|x86 = Release|x86
	EndGlobalSection
	GlobalSection(ProjectConfigurationPlatforms) = postSolution
		{F89E36EE-F6B0-414A-B00A-C8808C740FC5}.Debug|x64.ActiveCfg = Debug|x64
		{F89E36EE-F6B0-414A-B00A-C8808C740FC5}.Debug|x64.Build.0 = Debug|x64
		{F89E36EE-F6B0-414A-B00A-C8808C740FC5}.Debug|x86.ActiveCfg = Debug|Win32
		{F89E36EE-F6B0-414A-B00A-C8808C740FC5}.Debug|x86.Build.0 = Debug|Win32
		{F89E36EE-F6B0-414A-B00A-C8808C740FC5}.Release|x64.ActiveCfg = Release|x64
		{F89E36EE-F6B0-414A-B00A-C8808C740FC5}.Release|x64.Build.0 = Release|x64
		{F89E36EE-F6B0-414A-B00A-C8808C740FC5}.Release|x86.ActiveCfg = Release|Win32
		{F89E36EE-F6B0-414A-B00A-C8808C740FC5}.Release|x86.Build.0 = Release|Win32
	EndGlobalSection
	GlobalSection(SolutionProperties) = preSolution
		HideSolutionNode = FALSE
	EndGlobalSection
	GlobalSection(ExtensibilityGlobals) = postSolution
		SolutionGuid = {AF945114-A73A-4443-86D1-3453FB79B700}
	EndGlobalSection
EndGlobal
