
Microsoft Visual Studio Solution File, Format Version 12.00
# Visual Studio 15
VisualStudioVersion = 15.0.27130.2003
MinimumVisualStudioVersion = 10.0.40219.1
Project("{8BC9CEB8-8B4A-11D0-8D11-00A0C91BC942}") = "Project1", "Project1\Project1.vcxproj", "{3DE9B632-00FE-4AB1-A7CC-B0664D5C689A}"
EndProject
Global
	GlobalSection(SolutionConfigurationPlatforms) = preSolution
		Debug|x64 = Debug|x64
		Debug|x86 = Debug|x86
		Release|x64 = Release|x64
		Release|x86 = Release|x86
	EndGlobalSection
	GlobalSection(ProjectConfigurationPlatforms) = postSolution
		{3DE9B632-00FE-4AB1-A7CC-B0664D5C689A}.Debug|x64.ActiveCfg = Debug|x64
		{3DE9B632-00FE-4AB1-A7CC-B0664D5C689A}.Debug|x64.Build.0 = Debug|x64
		{3DE9B632-00FE-4AB1-A7CC-B0664D5C689A}.Debug|x86.ActiveCfg = Debug|Win32
		{3DE9B632-00FE-4AB1-A7CC-B0664D5C689A}.Debug|x86.Build.0 = Debug|Win32
		{3DE9B632-00FE-4AB1-A7CC-B0664D5C689A}.Release|x64.ActiveCfg = Release|x64
		{3DE9B632-00FE-4AB1-A7CC-B0664D5C689A}.Release|x64.Build.0 = Release|x64
		{3DE9B632-00FE-4AB1-A7CC-B0664D5C689A}.Release|x86.ActiveCfg = Release|Win32
		{3DE9B632-00FE-4AB1-A7CC-B0664D5C689A}.Release|x86.Build.0 = Release|Win32
	EndGlobalSection
	GlobalSection(SolutionProperties) = preSolution
		HideSolutionNode = FALSE
	EndGlobalSection
	GlobalSection(ExtensibilityGlobals) = postSolution
		SolutionGuid = {98F9300E-D8C8-413F-9F1B-43E098CBE169}
	EndGlobalSection
EndGlobal
