
Microsoft Visual Studio Solution File, Format Version 12.00
# Visual Studio 15
VisualStudioVersion = 15.0.28010.0
MinimumVisualStudioVersion = 10.0.40219.1
Project("{8BC9CEB8-8B4A-11D0-8D11-00A0C91BC942}") = "HTTP_POST_MAIN", "HTTP_POST_MAIN\HTTP_POST_MAIN.vcxproj", "{FCD726B7-F2BD-4782-AA40-5DD594ED847A}"
EndProject
Global
	GlobalSection(SolutionConfigurationPlatforms) = preSolution
		Debug|x64 = Debug|x64
		Debug|x86 = Debug|x86
		Release|x64 = Release|x64
		Release|x86 = Release|x86
	EndGlobalSection
	GlobalSection(ProjectConfigurationPlatforms) = postSolution
		{FCD726B7-F2BD-4782-AA40-5DD594ED847A}.Debug|x64.ActiveCfg = Debug|x64
		{FCD726B7-F2BD-4782-AA40-5DD594ED847A}.Debug|x64.Build.0 = Debug|x64
		{FCD726B7-F2BD-4782-AA40-5DD594ED847A}.Debug|x86.ActiveCfg = Debug|Win32
		{FCD726B7-F2BD-4782-AA40-5DD594ED847A}.Debug|x86.Build.0 = Debug|Win32
		{FCD726B7-F2BD-4782-AA40-5DD594ED847A}.Release|x64.ActiveCfg = Release|x64
		{FCD726B7-F2BD-4782-AA40-5DD594ED847A}.Release|x64.Build.0 = Release|x64
		{FCD726B7-F2BD-4782-AA40-5DD594ED847A}.Release|x86.ActiveCfg = Release|Win32
		{FCD726B7-F2BD-4782-AA40-5DD594ED847A}.Release|x86.Build.0 = Release|Win32
	EndGlobalSection
	GlobalSection(SolutionProperties) = preSolution
		HideSolutionNode = FALSE
	EndGlobalSection
	GlobalSection(ExtensibilityGlobals) = postSolution
		SolutionGuid = {9AA379AB-4572-4BA2-B881-290861C8120C}
	EndGlobalSection
EndGlobal
