
Microsoft Visual Studio Solution File, Format Version 12.00
# Visual Studio 15
VisualStudioVersion = 15.0.27004.2009
MinimumVisualStudioVersion = 10.0.40219.1
Project("{8BC9CEB8-8B4A-11D0-8D11-00A0C91BC942}") = "Parser_C++", "Parser_C++\Parser_C++.vcxproj", "{98E0A2F5-A94D-4E70-9B86-F781C5DE7354}"
EndProject
Global
	GlobalSection(SolutionConfigurationPlatforms) = preSolution
		Debug|x64 = Debug|x64
		Debug|x86 = Debug|x86
		Release|x64 = Release|x64
		Release|x86 = Release|x86
	EndGlobalSection
	GlobalSection(ProjectConfigurationPlatforms) = postSolution
		{98E0A2F5-A94D-4E70-9B86-F781C5DE7354}.Debug|x64.ActiveCfg = Debug|x64
		{98E0A2F5-A94D-4E70-9B86-F781C5DE7354}.Debug|x64.Build.0 = Debug|x64
		{98E0A2F5-A94D-4E70-9B86-F781C5DE7354}.Debug|x86.ActiveCfg = Debug|Win32
		{98E0A2F5-A94D-4E70-9B86-F781C5DE7354}.Debug|x86.Build.0 = Debug|Win32
		{98E0A2F5-A94D-4E70-9B86-F781C5DE7354}.Release|x64.ActiveCfg = Release|x64
		{98E0A2F5-A94D-4E70-9B86-F781C5DE7354}.Release|x64.Build.0 = Release|x64
		{98E0A2F5-A94D-4E70-9B86-F781C5DE7354}.Release|x86.ActiveCfg = Release|Win32
		{98E0A2F5-A94D-4E70-9B86-F781C5DE7354}.Release|x86.Build.0 = Release|Win32
	EndGlobalSection
	GlobalSection(SolutionProperties) = preSolution
		HideSolutionNode = FALSE
	EndGlobalSection
	GlobalSection(ExtensibilityGlobals) = postSolution
		SolutionGuid = {C5BCB06A-FA15-4327-8230-4A6A983B9405}
	EndGlobalSection
EndGlobal
