
Microsoft Visual Studio Solution File, Format Version 12.00
# Visual Studio 15
VisualStudioVersion = 15.0.28010.0
MinimumVisualStudioVersion = 10.0.40219.1
Project("{8BC9CEB8-8B4A-11D0-8D11-00A0C91BC942}") = "Main", "Main\Main.vcxproj", "{D4C0A0A6-5C26-43C7-BB4D-315849AEB955}"
EndProject
Global
	GlobalSection(SolutionConfigurationPlatforms) = preSolution
		Debug|x64 = Debug|x64
		Debug|x86 = Debug|x86
		Release|x64 = Release|x64
		Release|x86 = Release|x86
	EndGlobalSection
	GlobalSection(ProjectConfigurationPlatforms) = postSolution
		{D4C0A0A6-5C26-43C7-BB4D-315849AEB955}.Debug|x64.ActiveCfg = Debug|x64
		{D4C0A0A6-5C26-43C7-BB4D-315849AEB955}.Debug|x64.Build.0 = Debug|x64
		{D4C0A0A6-5C26-43C7-BB4D-315849AEB955}.Debug|x86.ActiveCfg = Debug|Win32
		{D4C0A0A6-5C26-43C7-BB4D-315849AEB955}.Debug|x86.Build.0 = Debug|Win32
		{D4C0A0A6-5C26-43C7-BB4D-315849AEB955}.Release|x64.ActiveCfg = Release|x64
		{D4C0A0A6-5C26-43C7-BB4D-315849AEB955}.Release|x64.Build.0 = Release|x64
		{D4C0A0A6-5C26-43C7-BB4D-315849AEB955}.Release|x86.ActiveCfg = Release|Win32
		{D4C0A0A6-5C26-43C7-BB4D-315849AEB955}.Release|x86.Build.0 = Release|Win32
	EndGlobalSection
	GlobalSection(SolutionProperties) = preSolution
		HideSolutionNode = FALSE
	EndGlobalSection
	GlobalSection(ExtensibilityGlobals) = postSolution
		SolutionGuid = {8E382E10-24F1-4BB0-A71F-25929F9F8CC3}
	EndGlobalSection
EndGlobal
