
Microsoft Visual Studio Solution File, Format Version 12.00
# Visual Studio 15
VisualStudioVersion = 15.0.27130.2003
MinimumVisualStudioVersion = 10.0.40219.1
Project("{8BC9CEB8-8B4A-11D0-8D11-00A0C91BC942}") = "도메인,ip변환", "도메인,ip변환\도메인,ip변환.vcxproj", "{2AD2EE0A-59D8-4096-BC84-B880EA1CBCB8}"
EndProject
Global
	GlobalSection(SolutionConfigurationPlatforms) = preSolution
		Debug|x64 = Debug|x64
		Debug|x86 = Debug|x86
		Release|x64 = Release|x64
		Release|x86 = Release|x86
	EndGlobalSection
	GlobalSection(ProjectConfigurationPlatforms) = postSolution
		{2AD2EE0A-59D8-4096-BC84-B880EA1CBCB8}.Debug|x64.ActiveCfg = Debug|x64
		{2AD2EE0A-59D8-4096-BC84-B880EA1CBCB8}.Debug|x64.Build.0 = Debug|x64
		{2AD2EE0A-59D8-4096-BC84-B880EA1CBCB8}.Debug|x86.ActiveCfg = Debug|Win32
		{2AD2EE0A-59D8-4096-BC84-B880EA1CBCB8}.Debug|x86.Build.0 = Debug|Win32
		{2AD2EE0A-59D8-4096-BC84-B880EA1CBCB8}.Release|x64.ActiveCfg = Release|x64
		{2AD2EE0A-59D8-4096-BC84-B880EA1CBCB8}.Release|x64.Build.0 = Release|x64
		{2AD2EE0A-59D8-4096-BC84-B880EA1CBCB8}.Release|x86.ActiveCfg = Release|Win32
		{2AD2EE0A-59D8-4096-BC84-B880EA1CBCB8}.Release|x86.Build.0 = Release|Win32
	EndGlobalSection
	GlobalSection(SolutionProperties) = preSolution
		HideSolutionNode = FALSE
	EndGlobalSection
	GlobalSection(ExtensibilityGlobals) = postSolution
		SolutionGuid = {2911FB24-2C46-4D91-A525-C8FD709D60D0}
	EndGlobalSection
EndGlobal
