
Microsoft Visual Studio Solution File, Format Version 12.00
# Visual Studio 15
VisualStudioVersion = 15.0.28010.0
MinimumVisualStudioVersion = 10.0.40219.1
Project("{8BC9CEB8-8B4A-11D0-8D11-00A0C91BC942}") = "Main", "Main\Main.vcxproj", "{B2947CE8-45FD-40AE-9CFA-7FE439627B03}"
EndProject
Global
	GlobalSection(SolutionConfigurationPlatforms) = preSolution
		Debug|x64 = Debug|x64
		Debug|x86 = Debug|x86
		Release|x64 = Release|x64
		Release|x86 = Release|x86
	EndGlobalSection
	GlobalSection(ProjectConfigurationPlatforms) = postSolution
		{B2947CE8-45FD-40AE-9CFA-7FE439627B03}.Debug|x64.ActiveCfg = Debug|x64
		{B2947CE8-45FD-40AE-9CFA-7FE439627B03}.Debug|x64.Build.0 = Debug|x64
		{B2947CE8-45FD-40AE-9CFA-7FE439627B03}.Debug|x86.ActiveCfg = Debug|Win32
		{B2947CE8-45FD-40AE-9CFA-7FE439627B03}.Debug|x86.Build.0 = Debug|Win32
		{B2947CE8-45FD-40AE-9CFA-7FE439627B03}.Release|x64.ActiveCfg = Release|x64
		{B2947CE8-45FD-40AE-9CFA-7FE439627B03}.Release|x64.Build.0 = Release|x64
		{B2947CE8-45FD-40AE-9CFA-7FE439627B03}.Release|x86.ActiveCfg = Release|Win32
		{B2947CE8-45FD-40AE-9CFA-7FE439627B03}.Release|x86.Build.0 = Release|Win32
	EndGlobalSection
	GlobalSection(SolutionProperties) = preSolution
		HideSolutionNode = FALSE
	EndGlobalSection
	GlobalSection(ExtensibilityGlobals) = postSolution
		SolutionGuid = {106BAB5E-03B7-480D-9EEB-7E5184EF1172}
	EndGlobalSection
EndGlobal
