
Microsoft Visual Studio Solution File, Format Version 12.00
# Visual Studio 15
VisualStudioVersion = 15.0.28010.0
MinimumVisualStudioVersion = 10.0.40219.1
Project("{8BC9CEB8-8B4A-11D0-8D11-00A0C91BC942}") = "Main", "Main\Main.vcxproj", "{CD5C39D2-5946-4ED0-9D76-4EA1AC523549}"
EndProject
Global
	GlobalSection(SolutionConfigurationPlatforms) = preSolution
		Debug|x64 = Debug|x64
		Debug|x86 = Debug|x86
		Release|x64 = Release|x64
		Release|x86 = Release|x86
	EndGlobalSection
	GlobalSection(ProjectConfigurationPlatforms) = postSolution
		{CD5C39D2-5946-4ED0-9D76-4EA1AC523549}.Debug|x64.ActiveCfg = Debug|x64
		{CD5C39D2-5946-4ED0-9D76-4EA1AC523549}.Debug|x64.Build.0 = Debug|x64
		{CD5C39D2-5946-4ED0-9D76-4EA1AC523549}.Debug|x86.ActiveCfg = Debug|Win32
		{CD5C39D2-5946-4ED0-9D76-4EA1AC523549}.Debug|x86.Build.0 = Debug|Win32
		{CD5C39D2-5946-4ED0-9D76-4EA1AC523549}.Release|x64.ActiveCfg = Release|x64
		{CD5C39D2-5946-4ED0-9D76-4EA1AC523549}.Release|x64.Build.0 = Release|x64
		{CD5C39D2-5946-4ED0-9D76-4EA1AC523549}.Release|x86.ActiveCfg = Release|Win32
		{CD5C39D2-5946-4ED0-9D76-4EA1AC523549}.Release|x86.Build.0 = Release|Win32
	EndGlobalSection
	GlobalSection(SolutionProperties) = preSolution
		HideSolutionNode = FALSE
	EndGlobalSection
	GlobalSection(ExtensibilityGlobals) = postSolution
		SolutionGuid = {2CD7FEB8-8A87-4FF7-A076-8BE4C9669751}
	EndGlobalSection
EndGlobal
