
Microsoft Visual Studio Solution File, Format Version 12.00
# Visual Studio 15
VisualStudioVersion = 15.0.27130.2003
MinimumVisualStudioVersion = 10.0.40219.1
Project("{8BC9CEB8-8B4A-11D0-8D11-00A0C91BC942}") = "Red_Black_Tree", "Red_Black_Tree\Red_Black_Tree.vcxproj", "{D7FBC394-B684-4762-AC1D-3087E53A7AB9}"
EndProject
Global
	GlobalSection(SolutionConfigurationPlatforms) = preSolution
		Debug|x64 = Debug|x64
		Debug|x86 = Debug|x86
		Release|x64 = Release|x64
		Release|x86 = Release|x86
	EndGlobalSection
	GlobalSection(ProjectConfigurationPlatforms) = postSolution
		{D7FBC394-B684-4762-AC1D-3087E53A7AB9}.Debug|x64.ActiveCfg = Debug|x64
		{D7FBC394-B684-4762-AC1D-3087E53A7AB9}.Debug|x64.Build.0 = Debug|x64
		{D7FBC394-B684-4762-AC1D-3087E53A7AB9}.Debug|x86.ActiveCfg = Debug|Win32
		{D7FBC394-B684-4762-AC1D-3087E53A7AB9}.Debug|x86.Build.0 = Debug|Win32
		{D7FBC394-B684-4762-AC1D-3087E53A7AB9}.Release|x64.ActiveCfg = Release|x64
		{D7FBC394-B684-4762-AC1D-3087E53A7AB9}.Release|x64.Build.0 = Release|x64
		{D7FBC394-B684-4762-AC1D-3087E53A7AB9}.Release|x86.ActiveCfg = Release|Win32
		{D7FBC394-B684-4762-AC1D-3087E53A7AB9}.Release|x86.Build.0 = Release|Win32
	EndGlobalSection
	GlobalSection(SolutionProperties) = preSolution
		HideSolutionNode = FALSE
	EndGlobalSection
	GlobalSection(ExtensibilityGlobals) = postSolution
		SolutionGuid = {44F422D8-FF21-4056-9846-485A320A3905}
	EndGlobalSection
EndGlobal
