
Microsoft Visual Studio Solution File, Format Version 12.00
# Visual Studio 15
VisualStudioVersion = 15.0.28010.0
MinimumVisualStudioVersion = 10.0.40219.1
Project("{8BC9CEB8-8B4A-11D0-8D11-00A0C91BC942}") = "CPUUsage_Main", "CPUUsage_Main\CPUUsage_Main.vcxproj", "{6DF64BB7-DDC6-4CC4-997F-F80A6FA89005}"
EndProject
Global
	GlobalSection(SolutionConfigurationPlatforms) = preSolution
		Debug|x64 = Debug|x64
		Debug|x86 = Debug|x86
		Release|x64 = Release|x64
		Release|x86 = Release|x86
	EndGlobalSection
	GlobalSection(ProjectConfigurationPlatforms) = postSolution
		{6DF64BB7-DDC6-4CC4-997F-F80A6FA89005}.Debug|x64.ActiveCfg = Debug|x64
		{6DF64BB7-DDC6-4CC4-997F-F80A6FA89005}.Debug|x64.Build.0 = Debug|x64
		{6DF64BB7-DDC6-4CC4-997F-F80A6FA89005}.Debug|x86.ActiveCfg = Debug|Win32
		{6DF64BB7-DDC6-4CC4-997F-F80A6FA89005}.Debug|x86.Build.0 = Debug|Win32
		{6DF64BB7-DDC6-4CC4-997F-F80A6FA89005}.Release|x64.ActiveCfg = Release|x64
		{6DF64BB7-DDC6-4CC4-997F-F80A6FA89005}.Release|x64.Build.0 = Release|x64
		{6DF64BB7-DDC6-4CC4-997F-F80A6FA89005}.Release|x86.ActiveCfg = Release|Win32
		{6DF64BB7-DDC6-4CC4-997F-F80A6FA89005}.Release|x86.Build.0 = Release|Win32
	EndGlobalSection
	GlobalSection(SolutionProperties) = preSolution
		HideSolutionNode = FALSE
	EndGlobalSection
	GlobalSection(ExtensibilityGlobals) = postSolution
		SolutionGuid = {BC3C8BAD-FB4A-4C49-B966-8E758C1CCCC6}
	EndGlobalSection
EndGlobal
