
Microsoft Visual Studio Solution File, Format Version 12.00
# Visual Studio 15
VisualStudioVersion = 15.0.27004.2009
MinimumVisualStudioVersion = 10.0.40219.1
Project("{8BC9CEB8-8B4A-11D0-8D11-00A0C91BC942}") = "Operation2", "Operation2\Operation2.vcxproj", "{77CD013F-6D9F-4E71-A71F-A6E258887A04}"
EndProject
Global
	GlobalSection(SolutionConfigurationPlatforms) = preSolution
		Debug|x64 = Debug|x64
		Debug|x86 = Debug|x86
		Release|x64 = Release|x64
		Release|x86 = Release|x86
	EndGlobalSection
	GlobalSection(ProjectConfigurationPlatforms) = postSolution
		{77CD013F-6D9F-4E71-A71F-A6E258887A04}.Debug|x64.ActiveCfg = Debug|x64
		{77CD013F-6D9F-4E71-A71F-A6E258887A04}.Debug|x64.Build.0 = Debug|x64
		{77CD013F-6D9F-4E71-A71F-A6E258887A04}.Debug|x86.ActiveCfg = Debug|Win32
		{77CD013F-6D9F-4E71-A71F-A6E258887A04}.Debug|x86.Build.0 = Debug|Win32
		{77CD013F-6D9F-4E71-A71F-A6E258887A04}.Release|x64.ActiveCfg = Release|x64
		{77CD013F-6D9F-4E71-A71F-A6E258887A04}.Release|x64.Build.0 = Release|x64
		{77CD013F-6D9F-4E71-A71F-A6E258887A04}.Release|x86.ActiveCfg = Release|Win32
		{77CD013F-6D9F-4E71-A71F-A6E258887A04}.Release|x86.Build.0 = Release|Win32
	EndGlobalSection
	GlobalSection(SolutionProperties) = preSolution
		HideSolutionNode = FALSE
	EndGlobalSection
	GlobalSection(ExtensibilityGlobals) = postSolution
		SolutionGuid = {8E2D27B5-B7B2-4911-9BC2-1DB577AA5262}
	EndGlobalSection
EndGlobal
