
Microsoft Visual Studio Solution File, Format Version 12.00
# Visual Studio 15
VisualStudioVersion = 15.0.27130.2003
MinimumVisualStudioVersion = 10.0.40219.1
Project("{8BC9CEB8-8B4A-11D0-8D11-00A0C91BC942}") = "Project1", "Project1\Project1.vcxproj", "{259589CC-ED73-4A4E-A400-DBC0EEB70BF0}"
EndProject
Global
	GlobalSection(SolutionConfigurationPlatforms) = preSolution
		Debug|x64 = Debug|x64
		Debug|x86 = Debug|x86
		Release|x64 = Release|x64
		Release|x86 = Release|x86
	EndGlobalSection
	GlobalSection(ProjectConfigurationPlatforms) = postSolution
		{259589CC-ED73-4A4E-A400-DBC0EEB70BF0}.Debug|x64.ActiveCfg = Debug|x64
		{259589CC-ED73-4A4E-A400-DBC0EEB70BF0}.Debug|x64.Build.0 = Debug|x64
		{259589CC-ED73-4A4E-A400-DBC0EEB70BF0}.Debug|x86.ActiveCfg = Debug|Win32
		{259589CC-ED73-4A4E-A400-DBC0EEB70BF0}.Debug|x86.Build.0 = Debug|Win32
		{259589CC-ED73-4A4E-A400-DBC0EEB70BF0}.Release|x64.ActiveCfg = Release|x64
		{259589CC-ED73-4A4E-A400-DBC0EEB70BF0}.Release|x64.Build.0 = Release|x64
		{259589CC-ED73-4A4E-A400-DBC0EEB70BF0}.Release|x86.ActiveCfg = Release|Win32
		{259589CC-ED73-4A4E-A400-DBC0EEB70BF0}.Release|x86.Build.0 = Release|Win32
	EndGlobalSection
	GlobalSection(SolutionProperties) = preSolution
		HideSolutionNode = FALSE
	EndGlobalSection
	GlobalSection(ExtensibilityGlobals) = postSolution
		SolutionGuid = {00FD8E81-F0A7-4BEB-8942-2AAFD4720781}
	EndGlobalSection
EndGlobal
