
Microsoft Visual Studio Solution File, Format Version 12.00
# Visual Studio 15
VisualStudioVersion = 15.0.27004.2009
MinimumVisualStudioVersion = 10.0.40219.1
Project("{8BC9CEB8-8B4A-11D0-8D11-00A0C91BC942}") = "Project1", "Project1\Project1.vcxproj", "{A12D1B2A-5F7D-4810-B514-D64A1E9CAF93}"
EndProject
Global
	GlobalSection(SolutionConfigurationPlatforms) = preSolution
		Debug|x64 = Debug|x64
		Debug|x86 = Debug|x86
		Release|x64 = Release|x64
		Release|x86 = Release|x86
	EndGlobalSection
	GlobalSection(ProjectConfigurationPlatforms) = postSolution
		{A12D1B2A-5F7D-4810-B514-D64A1E9CAF93}.Debug|x64.ActiveCfg = Debug|x64
		{A12D1B2A-5F7D-4810-B514-D64A1E9CAF93}.Debug|x64.Build.0 = Debug|x64
		{A12D1B2A-5F7D-4810-B514-D64A1E9CAF93}.Debug|x86.ActiveCfg = Debug|Win32
		{A12D1B2A-5F7D-4810-B514-D64A1E9CAF93}.Debug|x86.Build.0 = Debug|Win32
		{A12D1B2A-5F7D-4810-B514-D64A1E9CAF93}.Release|x64.ActiveCfg = Release|x64
		{A12D1B2A-5F7D-4810-B514-D64A1E9CAF93}.Release|x64.Build.0 = Release|x64
		{A12D1B2A-5F7D-4810-B514-D64A1E9CAF93}.Release|x86.ActiveCfg = Release|Win32
		{A12D1B2A-5F7D-4810-B514-D64A1E9CAF93}.Release|x86.Build.0 = Release|Win32
	EndGlobalSection
	GlobalSection(SolutionProperties) = preSolution
		HideSolutionNode = FALSE
	EndGlobalSection
	GlobalSection(ExtensibilityGlobals) = postSolution
		SolutionGuid = {BF46D5A5-F94A-40D4-A06C-CCDDC7633025}
	EndGlobalSection
EndGlobal
