
Microsoft Visual Studio Solution File, Format Version 12.00
# Visual Studio 15
VisualStudioVersion = 15.0.27004.2009
MinimumVisualStudioVersion = 10.0.40219.1
Project("{8BC9CEB8-8B4A-11D0-8D11-00A0C91BC942}") = "TCP_Fighter", "TCP_Fighter\TCP_Fighter.vcxproj", "{CB5384C4-7D6C-42C0-B56A-DD6D106F05EC}"
EndProject
Global
	GlobalSection(SolutionConfigurationPlatforms) = preSolution
		Debug|x64 = Debug|x64
		Debug|x86 = Debug|x86
		Release|x64 = Release|x64
		Release|x86 = Release|x86
	EndGlobalSection
	GlobalSection(ProjectConfigurationPlatforms) = postSolution
		{CB5384C4-7D6C-42C0-B56A-DD6D106F05EC}.Debug|x64.ActiveCfg = Debug|x64
		{CB5384C4-7D6C-42C0-B56A-DD6D106F05EC}.Debug|x64.Build.0 = Debug|x64
		{CB5384C4-7D6C-42C0-B56A-DD6D106F05EC}.Debug|x86.ActiveCfg = Debug|Win32
		{CB5384C4-7D6C-42C0-B56A-DD6D106F05EC}.Debug|x86.Build.0 = Debug|Win32
		{CB5384C4-7D6C-42C0-B56A-DD6D106F05EC}.Release|x64.ActiveCfg = Release|x64
		{CB5384C4-7D6C-42C0-B56A-DD6D106F05EC}.Release|x64.Build.0 = Release|x64
		{CB5384C4-7D6C-42C0-B56A-DD6D106F05EC}.Release|x86.ActiveCfg = Release|Win32
		{CB5384C4-7D6C-42C0-B56A-DD6D106F05EC}.Release|x86.Build.0 = Release|Win32
	EndGlobalSection
	GlobalSection(SolutionProperties) = preSolution
		HideSolutionNode = FALSE
	EndGlobalSection
	GlobalSection(ExtensibilityGlobals) = postSolution
		SolutionGuid = {63E5CD50-607A-4C0F-B25D-B2C946887725}
	EndGlobalSection
EndGlobal
