
Microsoft Visual Studio Solution File, Format Version 12.00
# Visual Studio 15
VisualStudioVersion = 15.0.27004.2009
MinimumVisualStudioVersion = 10.0.40219.1
Project("{8BC9CEB8-8B4A-11D0-8D11-00A0C91BC942}") = "순회 연습", "순회 연습\순회 연습.vcxproj", "{12973236-8AEB-4C31-AF5E-6C9424B43772}"
EndProject
Global
	GlobalSection(SolutionConfigurationPlatforms) = preSolution
		Debug|x64 = Debug|x64
		Debug|x86 = Debug|x86
		Release|x64 = Release|x64
		Release|x86 = Release|x86
	EndGlobalSection
	GlobalSection(ProjectConfigurationPlatforms) = postSolution
		{12973236-8AEB-4C31-AF5E-6C9424B43772}.Debug|x64.ActiveCfg = Debug|x64
		{12973236-8AEB-4C31-AF5E-6C9424B43772}.Debug|x64.Build.0 = Debug|x64
		{12973236-8AEB-4C31-AF5E-6C9424B43772}.Debug|x86.ActiveCfg = Debug|Win32
		{12973236-8AEB-4C31-AF5E-6C9424B43772}.Debug|x86.Build.0 = Debug|Win32
		{12973236-8AEB-4C31-AF5E-6C9424B43772}.Release|x64.ActiveCfg = Release|x64
		{12973236-8AEB-4C31-AF5E-6C9424B43772}.Release|x64.Build.0 = Release|x64
		{12973236-8AEB-4C31-AF5E-6C9424B43772}.Release|x86.ActiveCfg = Release|Win32
		{12973236-8AEB-4C31-AF5E-6C9424B43772}.Release|x86.Build.0 = Release|Win32
	EndGlobalSection
	GlobalSection(SolutionProperties) = preSolution
		HideSolutionNode = FALSE
	EndGlobalSection
	GlobalSection(ExtensibilityGlobals) = postSolution
		SolutionGuid = {DDE17D3E-1ABD-4F41-A78D-310A4A04732D}
	EndGlobalSection
EndGlobal
